// !$*UTF8*$!
{
	archiveVersion = 1;
	classes = {
	};
	objectVersion = 56;
	objects = {

/* Begin PBXBuildFile section */
		A25118152A098E4F0010C28E /* AppDelegate.swift in Sources */ = {isa = PBXBuildFile; fileRef = A25118142A098E4F0010C28E /* AppDelegate.swift */; };
		A25118172A098E4F0010C28E /* SceneDelegate.swift in Sources */ = {isa = PBXBuildFile; fileRef = A25118162A098E4F0010C28E /* SceneDelegate.swift */; };
		A251181E2A098E510010C28E /* Assets.xcassets in Resources */ = {isa = PBXBuildFile; fileRef = A251181D2A098E510010C28E /* Assets.xcassets */; };
		A25118212A098E510010C28E /* LaunchScreen.storyboard in Resources */ = {isa = PBXBuildFile; fileRef = A251181F2A098E510010C28E /* LaunchScreen.storyboard */; };
		A2A165502A13805300A144D3 /* CountryTableViewController.swift in Sources */ = {isa = PBXBuildFile; fileRef = A2A1654F2A13805300A144D3 /* CountryTableViewController.swift */; };
		A2A165532A1384C100A144D3 /* Country.swift in Sources */ = {isa = PBXBuildFile; fileRef = A2A165522A1384C100A144D3 /* Country.swift */; };
		A2A165552A13866600A144D3 /* NetworkManager.swift in Sources */ = {isa = PBXBuildFile; fileRef = A2A165542A13866600A144D3 /* NetworkManager.swift */; };
		A2A165582A13B51500A144D3 /* SDWebImage in Frameworks */ = {isa = PBXBuildFile; productRef = A2A165572A13B51500A144D3 /* SDWebImage */; };
/* End PBXBuildFile section */

/* Begin PBXFileReference section */
		A25118112A098E4F0010C28E /* RestCountriesApp.app */ = {isa = PBXFileReference; explicitFileType = wrapper.application; includeInIndex = 0; path = RestCountriesApp.app; sourceTree = BUILT_PRODUCTS_DIR; };
		A25118142A098E4F0010C28E /* AppDelegate.swift */ = {isa = PBXFileReference; lastKnownFileType = sourcecode.swift; path = AppDelegate.swift; sourceTree = "<group>"; };
		A25118162A098E4F0010C28E /* SceneDelegate.swift */ = {isa = PBXFileReference; lastKnownFileType = sourcecode.swift; path = SceneDelegate.swift; sourceTree = "<group>"; };
		A251181D2A098E510010C28E /* Assets.xcassets */ = {isa = PBXFileReference; lastKnownFileType = folder.assetcatalog; path = Assets.xcassets; sourceTree = "<group>"; };
		A25118202A098E510010C28E /* Base */ = {isa = PBXFileReference; lastKnownFileType = file.storyboard; name = Base; path = Base.lproj/LaunchScreen.storyboard; sourceTree = "<group>"; };
		A25118222A098E510010C28E /* Info.plist */ = {isa = PBXFileReference; lastKnownFileType = text.plist.xml; path = Info.plist; sourceTree = "<group>"; };
		A2A1654F2A13805300A144D3 /* CountryTableViewController.swift */ = {isa = PBXFileReference; lastKnownFileType = sourcecode.swift; path = CountryTableViewController.swift; sourceTree = "<group>"; };
		A2A165522A1384C100A144D3 /* Country.swift */ = {isa = PBXFileReference; lastKnownFileType = sourcecode.swift; path = Country.swift; sourceTree = "<group>"; };
		A2A165542A13866600A144D3 /* NetworkManager.swift */ = {isa = PBXFileReference; lastKnownFileType = sourcecode.swift; path = NetworkManager.swift; sourceTree = "<group>"; };
/* End PBXFileReference section */

/* Begin PBXFrameworksBuildPhase section */
		A251180E2A098E4F0010C28E /* Frameworks */ = {
			isa = PBXFrameworksBuildPhase;
			buildActionMask = 2147483647;
			files = (
				A2A165582A13B51500A144D3 /* SDWebImage in Frameworks */,
			);
			runOnlyForDeploymentPostprocessing = 0;
		};
/* End PBXFrameworksBuildPhase section */

/* Begin PBXGroup section */
		A25118082A098E4F0010C28E = {
			isa = PBXGroup;
			children = (
				A25118132A098E4F0010C28E /* RestCountriesApp */,
				A25118122A098E4F0010C28E /* Products */,
			);
			sourceTree = "<group>";
		};
		A25118122A098E4F0010C28E /* Products */ = {
			isa = PBXGroup;
			children = (
				A25118112A098E4F0010C28E /* RestCountriesApp.app */,
			);
			name = Products;
			sourceTree = "<group>";
		};
		A25118132A098E4F0010C28E /* RestCountriesApp */ = {
			isa = PBXGroup;
			children = (
				A2A1654C2A12D12800A144D3 /* AppDelegate */,
				A2A1654D2A12D14600A144D3 /* Helper */,
				A2A165512A1384A200A144D3 /* Model */,
				A2A1654E2A12D15500A144D3 /* Controller */,
				A251181D2A098E510010C28E /* Assets.xcassets */,
				A251181F2A098E510010C28E /* LaunchScreen.storyboard */,
				A25118222A098E510010C28E /* Info.plist */,
			);
			path = RestCountriesApp;
			sourceTree = "<group>";
		};
		A2A1654C2A12D12800A144D3 /* AppDelegate */ = {
			isa = PBXGroup;
			children = (
				A25118142A098E4F0010C28E /* AppDelegate.swift */,
				A25118162A098E4F0010C28E /* SceneDelegate.swift */,
			);
			path = AppDelegate;
			sourceTree = "<group>";
		};
		A2A1654D2A12D14600A144D3 /* Helper */ = {
			isa = PBXGroup;
			children = (
				A2A165542A13866600A144D3 /* NetworkManager.swift */,
			);
			path = Helper;
			sourceTree = "<group>";
		};
		A2A1654E2A12D15500A144D3 /* Controller */ = {
			isa = PBXGroup;
			children = (
				A2A1654F2A13805300A144D3 /* CountryTableViewController.swift */,
			);
			path = Controller;
			sourceTree = "<group>";
		};
		A2A165512A1384A200A144D3 /* Model */ = {
			isa = PBXGroup;
			children = (
				A2A165522A1384C100A144D3 /* Country.swift */,
			);
			path = Model;
			sourceTree = "<group>";
		};
/* End PBXGroup section */

/* Begin PBXNativeTarget section */
		A25118102A098E4F0010C28E /* RestCountriesApp */ = {
			isa = PBXNativeTarget;
			buildConfigurationList = A25118252A098E510010C28E /* Build configuration list for PBXNativeTarget "RestCountriesApp" */;
			buildPhases = (
				A251180D2A098E4F0010C28E /* Sources */,
				A251180E2A098E4F0010C28E /* Frameworks */,
				A251180F2A098E4F0010C28E /* Resources */,
			);
			buildRules = (
			);
			dependencies = (
			);
			name = RestCountriesApp;
			packageProductDependencies = (
				A2A165572A13B51500A144D3 /* SDWebImage */,
			);
			productName = RestCountriesApp;
			productReference = A25118112A098E4F0010C28E /* RestCountriesApp.app */;
			productType = "com.apple.product-type.application";
		};
/* End PBXNativeTarget section */

/* Begin PBXProject section */
		A25118092A098E4F0010C28E /* Project object */ = {
			isa = PBXProject;
			attributes = {
				BuildIndependentTargetsInParallel = 1;
				LastSwiftUpdateCheck = 1430;
				LastUpgradeCheck = 1430;
				TargetAttributes = {
					A25118102A098E4F0010C28E = {
						CreatedOnToolsVersion = 14.3;
					};
				};
			};
			buildConfigurationList = A251180C2A098E4F0010C28E /* Build configuration list for PBXProject "RestCountriesApp" */;
			compatibilityVersion = "Xcode 14.0";
			developmentRegion = en;
			hasScannedForEncodings = 0;
			knownRegions = (
				en,
				Base,
			);
			mainGroup = A25118082A098E4F0010C28E;
			packageReferences = (
				A2A165562A13B51500A144D3 /* XCRemoteSwiftPackageReference "SDWebImage" */,
			);
			productRefGroup = A25118122A098E4F0010C28E /* Products */;
			projectDirPath = "";
			projectRoot = "";
			targets = (
				A25118102A098E4F0010C28E /* RestCountriesApp */,
			);
		};
/* End PBXProject section */

/* Begin PBXResourcesBuildPhase section */
		A251180F2A098E4F0010C28E /* Resources */ = {
			isa = PBXResourcesBuildPhase;
			buildActionMask = 2147483647;
			files = (
				A25118212A098E510010C28E /* LaunchScreen.storyboard in Resources */,
				A251181E2A098E510010C28E /* Assets.xcassets in Resources */,
			);
			runOnlyForDeploymentPostprocessing = 0;
		};
/* End PBXResourcesBuildPhase section */

/* Begin PBXSourcesBuildPhase section */
		A251180D2A098E4F0010C28E /* Sources */ = {
			isa = PBXSourcesBuildPhase;
			buildActionMask = 2147483647;
			files = (
				A2A165532A1384C100A144D3 /* Country.swift in Sources */,
				A25118152A098E4F0010C28E /* AppDelegate.swift in Sources */,
				A2A165552A13866600A144D3 /* NetworkManager.swift in Sources */,
				A25118172A098E4F0010C28E /* SceneDelegate.swift in Sources */,
				A2A165502A13805300A144D3 /* CountryTableViewController.swift in Sources */,
			);
			runOnlyForDeploymentPostprocessing = 0;
		};
/* End PBXSourcesBuildPhase section */

/* Begin PBXVariantGroup section */
		A251181F2A098E510010C28E /* LaunchScreen.storyboard */ = {
			isa = PBXVariantGroup;
			children = (
				A25118202A098E510010C28E /* Base */,
			);
			name = LaunchScreen.storyboard;
			sourceTree = "<group>";
		};
/* End PBXVariantGroup section */

/* Begin XCBuildConfiguration section */
		A25118232A098E510010C28E /* Debug */ = {
			isa = XCBuildConfiguration;
			buildSettings = {
				ALWAYS_SEARCH_USER_PATHS = NO;
				CLANG_ANALYZER_NONNULL = YES;
				CLANG_ANALYZER_NUMBER_OBJECT_CONVERSION = YES_AGGRESSIVE;
				CLANG_CXX_LANGUAGE_STANDARD = "gnu++20";
				CLANG_ENABLE_MODULES = YES;
				CLANG_ENABLE_OBJC_ARC = YES;
				CLANG_ENABLE_OBJC_WEAK = YES;
				CLANG_WARN_BLOCK_CAPTURE_AUTORELEASING = YES;
				CLANG_WARN_BOOL_CONVERSION = YES;
				CLANG_WARN_COMMA = YES;
				CLANG_WARN_CONSTANT_CONVERSION = YES;
				CLANG_WARN_DEPRECATED_OBJC_IMPLEMENTATIONS = YES;
				CLANG_WARN_DIRECT_OBJC_ISA_USAGE = YES_ERROR;
				CLANG_WARN_DOCUMENTATION_COMMENTS = YES;
				CLANG_WARN_EMPTY_BODY = YES;
				CLANG_WARN_ENUM_CONVERSION = YES;
				CLANG_WARN_INFINITE_RECURSION = YES;
				CLANG_WARN_INT_CONVERSION = YES;
				CLANG_WARN_NON_LITERAL_NULL_CONVERSION = YES;
				CLANG_WARN_OBJC_IMPLICIT_RETAIN_SELF = YES;
				CLANG_WARN_OBJC_LITERAL_CONVERSION = YES;
				CLANG_WARN_OBJC_ROOT_CLASS = YES_ERROR;
				CLANG_WARN_QUOTED_INCLUDE_IN_FRAMEWORK_HEADER = YES;
				CLANG_WARN_RANGE_LOOP_ANALYSIS = YES;
				CLANG_WARN_STRICT_PROTOTYPES = YES;
				CLANG_WARN_SUSPICIOUS_MOVE = YES;
				CLANG_WARN_UNGUARDED_AVAILABILITY = YES_AGGRESSIVE;
				CLANG_WARN_UNREACHABLE_CODE = YES;
				CLANG_WARN__DUPLICATE_METHOD_MATCH = YES;
				COPY_PHASE_STRIP = NO;
				DEBUG_INFORMATION_FORMAT = dwarf;
				ENABLE_STRICT_OBJC_MSGSEND = YES;
				ENABLE_TESTABILITY = YES;
				GCC_C_LANGUAGE_STANDARD = gnu11;
				GCC_DYNAMIC_NO_PIC = NO;
				GCC_NO_COMMON_BLOCKS = YES;
				GCC_OPTIMIZATION_LEVEL = 0;
				GCC_PREPROCESSOR_DEFINITIONS = (
					"DEBUG=1",
					"$(inherited)",
				);
				GCC_WARN_64_TO_32_BIT_CONVERSION = YES;
				GCC_WARN_ABOUT_RETURN_TYPE = YES_ERROR;
				GCC_WARN_UNDECLARED_SELECTOR = YES;
				GCC_WARN_UNINITIALIZED_AUTOS = YES_AGGRESSIVE;
				GCC_WARN_UNUSED_FUNCTION = YES;
				GCC_WARN_UNUSED_VARIABLE = YES;
				IPHONEOS_DEPLOYMENT_TARGET = 16.4;
				MTL_ENABLE_DEBUG_INFO = INCLUDE_SOURCE;
				MTL_FAST_MATH = YES;
				ONLY_ACTIVE_ARCH = YES;
				SDKROOT = iphoneos;
				SWIFT_ACTIVE_COMPILATION_CONDITIONS = DEBUG;
				SWIFT_OPTIMIZATION_LEVEL = "-Onone";
			};
			name = Debug;
		};
		A25118242A098E510010C28E /* Release */ = {
			isa = XCBuildConfiguration;
			buildSettings = {
				ALWAYS_SEARCH_USER_PATHS = NO;
				CLANG_ANALYZER_NONNULL = YES;
				CLANG_ANALYZER_NUMBER_OBJECT_CONVERSION = YES_AGGRESSIVE;
				CLANG_CXX_LANGUAGE_STANDARD = "gnu++20";
				CLANG_ENABLE_MODULES = YES;
				CLANG_ENABLE_OBJC_ARC = YES;
				CLANG_ENABLE_OBJC_WEAK = YES;
				CLANG_WARN_BLOCK_CAPTURE_AUTORELEASING = YES;
				CLANG_WARN_BOOL_CONVERSION = YES;
				CLANG_WARN_COMMA = YES;
				CLANG_WARN_CONSTANT_CONVERSION = YES;
				CLANG_WARN_DEPRECATED_OBJC_IMPLEMENTATIONS = YES;
				CLANG_WARN_DIRECT_OBJC_ISA_USAGE = YES_ERROR;
				CLANG_WARN_DOCUMENTATION_COMMENTS = YES;
				CLANG_WARN_EMPTY_BODY = YES;
				CLANG_WARN_ENUM_CONVERSION = YES;
				CLANG_WARN_INFINITE_RECURSION = YES;
				CLANG_WARN_INT_CONVERSION = YES;
				CLANG_WARN_NON_LITERAL_NULL_CONVERSION = YES;
				CLANG_WARN_OBJC_IMPLICIT_RETAIN_SELF = YES;
				CLANG_WARN_OBJC_LITERAL_CONVERSION = YES;
				CLANG_WARN_OBJC_ROOT_CLASS = YES_ERROR;
				CLANG_WARN_QUOTED_INCLUDE_IN_FRAMEWORK_HEADER = YES;
				CLANG_WARN_RANGE_LOOP_ANALYSIS = YES;
				CLANG_WARN_STRICT_PROTOTYPES = YES;
				CLANG_WARN_SUSPICIOUS_MOVE = YES;
				CLANG_WARN_UNGUARDED_AVAILABILITY = YES_AGGRESSIVE;
				CLANG_WARN_UNREACHABLE_CODE = YES;
				CLANG_WARN__DUPLICATE_METHOD_MATCH = YES;
				COPY_PHASE_STRIP = NO;
				DEBUG_INFORMATION_FORMAT = "dwarf-with-dsym";
				ENABLE_NS_ASSERTIONS = NO;
				ENABLE_STRICT_OBJC_MSGSEND = YES;
				GCC_C_LANGUAGE_STANDARD = gnu11;
				GCC_NO_COMMON_BLOCKS = YES;
				GCC_WARN_64_TO_32_BIT_CONVERSION = YES;
				GCC_WARN_ABOUT_RETURN_TYPE = YES_ERROR;
				GCC_WARN_UNDECLARED_SELECTOR = YES;
				GCC_WARN_UNINITIALIZED_AUTOS = YES_AGGRESSIVE;
				GCC_WARN_UNUSED_FUNCTION = YES;
				GCC_WARN_UNUSED_VARIABLE = YES;
				IPHONEOS_DEPLOYMENT_TARGET = 16.4;
				MTL_ENABLE_DEBUG_INFO = NO;
				MTL_FAST_MATH = YES;
				SDKROOT = iphoneos;
				SWIFT_COMPILATION_MODE = wholemodule;
				SWIFT_OPTIMIZATION_LEVEL = "-O";
				VALIDATE_PRODUCT = YES;
			};
			name = Release;
		};
		A25118262A098E510010C28E /* Debug */ = {
			isa = XCBuildConfiguration;
			buildSettings = {
				ASSETCATALOG_COMPILER_APPICON_NAME = AppIcon;
				ASSETCATALOG_COMPILER_GLOBAL_ACCENT_COLOR_NAME = AccentColor;
				CODE_SIGN_STYLE = Automatic;
				CURRENT_PROJECT_VERSION = 1;
				DEVELOPMENT_TEAM = LPBPD5BKCL;
				GENERATE_INFOPLIST_FILE = YES;
				INFOPLIST_FILE = RestCountriesApp/Info.plist;
				INFOPLIST_KEY_UIApplicationSupportsIndirectInputEvents = YES;
				INFOPLIST_KEY_UILaunchStoryboardName = LaunchScreen;
				INFOPLIST_KEY_UISupportedInterfaceOrientations_iPad = "UIInterfaceOrientationPortrait UIInterfaceOrientationPortraitUpsideDown UIInterfaceOrientationLandscapeLeft UIInterfaceOrientationLandscapeRight";
				INFOPLIST_KEY_UISupportedInterfaceOrientations_iPhone = "UIInterfaceOrientationPortrait UIInterfaceOrientationLandscapeLeft UIInterfaceOrientationLandscapeRight";
				LD_RUNPATH_SEARCH_PATHS = (
					"$(inherited)",
					"@executable_path/Frameworks",
				);
				MARKETING_VERSION = 1.0;
				PRODUCT_BUNDLE_IDENTIFIER = com.ivulis.jazeps.RestCountriesApp;
				PRODUCT_NAME = "$(TARGET_NAME)";
				SWIFT_EMIT_LOC_STRINGS = YES;
				SWIFT_VERSION = 5.0;
				TARGETED_DEVICE_FAMILY = "1,2";
			};
			name = Debug;
		};
		A25118272A098E510010C28E /* Release */ = {
			isa = XCBuildConfiguration;
			buildSettings = {
				ASSETCATALOG_COMPILER_APPICON_NAME = AppIcon;
				ASSETCATALOG_COMPILER_GLOBAL_ACCENT_COLOR_NAME = AccentColor;
				CODE_SIGN_STYLE = Automatic;
				CURRENT_PROJECT_VERSION = 1;
				DEVELOPMENT_TEAM = LPBPD5BKCL;
				GENERATE_INFOPLIST_FILE = YES;
				INFOPLIST_FILE = RestCountriesApp/Info.plist;
				INFOPLIST_KEY_UIApplicationSupportsIndirectInputEvents = YES;
				INFOPLIST_KEY_UILaunchStoryboardName = LaunchScreen;
				INFOPLIST_KEY_UISupportedInterfaceOrientations_iPad = "UIInterfaceOrientationPortrait UIInterfaceOrientationPortraitUpsideDown UIInterfaceOrientationLandscapeLeft UIInterfaceOrientationLandscapeRight";
				INFOPLIST_KEY_UISupportedInterfaceOrientations_iPhone = "UIInterfaceOrientationPortrait UIInterfaceOrientationLandscapeLeft UIInterfaceOrientationLandscapeRight";
				LD_RUNPATH_SEARCH_PATHS = (
					"$(inherited)",
					"@executable_path/Frameworks",
				);
				MARKETING_VERSION = 1.0;
				PRODUCT_BUNDLE_IDENTIFIER = com.ivulis.jazeps.RestCountriesApp;
				PRODUCT_NAME = "$(TARGET_NAME)";
				SWIFT_EMIT_LOC_STRINGS = YES;
				SWIFT_VERSION = 5.0;
				TARGETED_DEVICE_FAMILY = "1,2";
			};
			name = Release;
		};
/* End XCBuildConfiguration section */

/* Begin XCConfigurationList section */
		A251180C2A098E4F0010C28E /* Build configuration list for PBXProject "RestCountriesApp" */ = {
			isa = XCConfigurationList;
			buildConfigurations = (
				A25118232A098E510010C28E /* Debug */,
				A25118242A098E510010C28E /* Release */,
			);
			defaultConfigurationIsVisible = 0;
			defaultConfigurationName = Release;
		};
		A25118252A098E510010C28E /* Build configuration list for PBXNativeTarget "RestCountriesApp" */ = {
			isa = XCConfigurationList;
			buildConfigurations = (
				A25118262A098E510010C28E /* Debug */,
				A25118272A098E510010C28E /* Release */,
			);
			defaultConfigurationIsVisible = 0;
			defaultConfigurationName = Release;
		};
/* End XCConfigurationList section */

/* Begin XCRemoteSwiftPackageReference section */
		A2A165562A13B51500A144D3 /* XCRemoteSwiftPackageReference "SDWebImage" */ = {
			isa = XCRemoteSwiftPackageReference;
			repositoryURL = "https://github.com/SDWebImage/SDWebImage.git";
			requirement = {
				kind = upToNextMajorVersion;
				minimumVersion = 5.0.0;
			};
		};
/* End XCRemoteSwiftPackageReference section */

/* Begin XCSwiftPackageProductDependency section */
		A2A165572A13B51500A144D3 /* SDWebImage */ = {
			isa = XCSwiftPackageProductDependency;
			package = A2A165562A13B51500A144D3 /* XCRemoteSwiftPackageReference "SDWebImage" */;
			productName = SDWebImage;
		};
/* End XCSwiftPackageProductDependency section */
	};
	rootObject = A25118092A098E4F0010C28E /* Project object */;
}
